
Microsoft Visual Studio Solution File, Format Version 12.00
Project("{FAE04EC0-301F-11D3-BF4B-00C04F79EFBC}") = "Market.Admin", "Market.Admin\Market.Admin.csproj", "{81749C2E-A94F-44EA-891B-D89CB71AD19A}"
EndProject
Project("{FAE04EC0-301F-11D3-BF4B-00C04F79EFBC}") = "Market.IO", "Market.IO\Market.IO.csproj", "{D0C94055-087E-49FD-8A0B-2D965F90C922}"
EndProject
Project("{FAE04EC0-301F-11D3-BF4B-00C04F79EFBC}") = "Market.DB", "Market.DB\Market.DB.csproj", "{462DCC4A-A7F6-4353-B32A-C9D193E1CA1A}"
EndProject
Global
	GlobalSection(SolutionConfigurationPlatforms) = preSolution
		Debug|Any CPU = Debug|Any CPU
		Release|Any CPU = Release|Any CPU
	EndGlobalSection
	GlobalSection(ProjectConfigurationPlatforms) = postSolution
		{81749C2E-A94F-44EA-891B-D89CB71AD19A}.Debug|Any CPU.ActiveCfg = Debug|Any CPU
		{81749C2E-A94F-44EA-891B-D89CB71AD19A}.Debug|Any CPU.Build.0 = Debug|Any CPU
		{81749C2E-A94F-44EA-891B-D89CB71AD19A}.Release|Any CPU.ActiveCfg = Release|Any CPU
		{81749C2E-A94F-44EA-891B-D89CB71AD19A}.Release|Any CPU.Build.0 = Release|Any CPU
		{D0C94055-087E-49FD-8A0B-2D965F90C922}.Debug|Any CPU.ActiveCfg = Debug|Any CPU
		{D0C94055-087E-49FD-8A0B-2D965F90C922}.Debug|Any CPU.Build.0 = Debug|Any CPU
		{D0C94055-087E-49FD-8A0B-2D965F90C922}.Release|Any CPU.ActiveCfg = Release|Any CPU
		{D0C94055-087E-49FD-8A0B-2D965F90C922}.Release|Any CPU.Build.0 = Release|Any CPU
		{462DCC4A-A7F6-4353-B32A-C9D193E1CA1A}.Debug|Any CPU.ActiveCfg = Debug|Any CPU
		{462DCC4A-A7F6-4353-B32A-C9D193E1CA1A}.Debug|Any CPU.Build.0 = Debug|Any CPU
		{462DCC4A-A7F6-4353-B32A-C9D193E1CA1A}.Release|Any CPU.ActiveCfg = Release|Any CPU
		{462DCC4A-A7F6-4353-B32A-C9D193E1CA1A}.Release|Any CPU.Build.0 = Release|Any CPU
	EndGlobalSection
EndGlobal
